
Microsoft Visual Studio Solution File, Format Version 12.00
# Visual Studio Version 17
VisualStudioVersion = 17.5.33414.496
MinimumVisualStudioVersion = 10.0.40219.1
Project("{FAE04EC0-301F-11D3-BF4B-00C04F79EFBC}") = "Demo_Asserts", "Demo_Asserts\Demo_Asserts.csproj", "{DBBA3D71-5E3F-4EF8-A6C1-999437EFF40F}"
EndProject
Project("{FAE04EC0-301F-11D3-BF4B-00C04F79EFBC}") = "Demo_Asserts.Tests", "Demo_Asserts.Tests\Demo_Asserts.Tests.csproj", "{B5D42B7A-694D-4415-8AB7-595B135079E5}"
EndProject
Global
	GlobalSection(SolutionConfigurationPlatforms) = preSolution
		Debug|Any CPU = Debug|Any CPU
		Release|Any CPU = Release|Any CPU
	EndGlobalSection
	GlobalSection(ProjectConfigurationPlatforms) = postSolution
		{DBBA3D71-5E3F-4EF8-A6C1-999437EFF40F}.Debug|Any CPU.ActiveCfg = Debug|Any CPU
		{DBBA3D71-5E3F-4EF8-A6C1-999437EFF40F}.Debug|Any CPU.Build.0 = Debug|Any CPU
		{DBBA3D71-5E3F-4EF8-A6C1-999437EFF40F}.Release|Any CPU.ActiveCfg = Release|Any CPU
		{DBBA3D71-5E3F-4EF8-A6C1-999437EFF40F}.Release|Any CPU.Build.0 = Release|Any CPU
		{B5D42B7A-694D-4415-8AB7-595B135079E5}.Debug|Any CPU.ActiveCfg = Debug|Any CPU
		{B5D42B7A-694D-4415-8AB7-595B135079E5}.Debug|Any CPU.Build.0 = Debug|Any CPU
		{B5D42B7A-694D-4415-8AB7-595B135079E5}.Release|Any CPU.ActiveCfg = Release|Any CPU
		{B5D42B7A-694D-4415-8AB7-595B135079E5}.Release|Any CPU.Build.0 = Release|Any CPU
	EndGlobalSection
	GlobalSection(SolutionProperties) = preSolution
		HideSolutionNode = FALSE
	EndGlobalSection
	GlobalSection(ExtensibilityGlobals) = postSolution
		SolutionGuid = {51C24609-AFED-4CF6-ACF7-32E5F71FDC7F}
	EndGlobalSection
EndGlobal
